
Microsoft Visual Studio Solution File, Format Version 12.00
# Visual Studio Version 17
VisualStudioVersion = 17.7.34018.315
MinimumVisualStudioVersion = 10.0.40219.1
Project("{FAE04EC0-301F-11D3-BF4B-00C04F79EFBC}") = "Exercise 8", "Exercise 8\Exercise 8.csproj", "{B63E35D5-59E3-493C-92B2-431B1ED8FF4A}"
EndProject
Global
	GlobalSection(SolutionConfigurationPlatforms) = preSolution
		Debug|Any CPU = Debug|Any CPU
		Release|Any CPU = Release|Any CPU
	EndGlobalSection
	GlobalSection(ProjectConfigurationPlatforms) = postSolution
		{B63E35D5-59E3-493C-92B2-431B1ED8FF4A}.Debug|Any CPU.ActiveCfg = Debug|Any CPU
		{B63E35D5-59E3-493C-92B2-431B1ED8FF4A}.Debug|Any CPU.Build.0 = Debug|Any CPU
		{B63E35D5-59E3-493C-92B2-431B1ED8FF4A}.Release|Any CPU.ActiveCfg = Release|Any CPU
		{B63E35D5-59E3-493C-92B2-431B1ED8FF4A}.Release|Any CPU.Build.0 = Release|Any CPU
	EndGlobalSection
	GlobalSection(SolutionProperties) = preSolution
		HideSolutionNode = FALSE
	EndGlobalSection
	GlobalSection(ExtensibilityGlobals) = postSolution
		SolutionGuid = {2C619F96-5131-419F-A9B7-2DE3F424315A}
	EndGlobalSection
EndGlobal
